
Microsoft Visual Studio Solution File, Format Version 12.00
# Visual Studio Version 16
VisualStudioVersion = 16.0.31205.134
MinimumVisualStudioVersion = 10.0.40219.1
Project("{8BC9CEB8-8B4A-11D0-8D11-00A0C91BC942}") = "CPP_Rainfall_Statistics", "CPP_Rainfall_Statistics.vcxproj", "{CAACBF8E-CCBB-4728-9F3E-22D2A410223C}"
EndProject
Global
	GlobalSection(SolutionConfigurationPlatforms) = preSolution
		Debug|x64 = Debug|x64
		Debug|x86 = Debug|x86
		Release|x64 = Release|x64
		Release|x86 = Release|x86
	EndGlobalSection
	GlobalSection(ProjectConfigurationPlatforms) = postSolution
		{CAACBF8E-CCBB-4728-9F3E-22D2A410223C}.Debug|x64.ActiveCfg = Debug|x64
		{CAACBF8E-CCBB-4728-9F3E-22D2A410223C}.Debug|x64.Build.0 = Debug|x64
		{CAACBF8E-CCBB-4728-9F3E-22D2A410223C}.Debug|x86.ActiveCfg = Debug|Win32
		{CAACBF8E-CCBB-4728-9F3E-22D2A410223C}.Debug|x86.Build.0 = Debug|Win32
		{CAACBF8E-CCBB-4728-9F3E-22D2A410223C}.Release|x64.ActiveCfg = Release|x64
		{CAACBF8E-CCBB-4728-9F3E-22D2A410223C}.Release|x64.Build.0 = Release|x64
		{CAACBF8E-CCBB-4728-9F3E-22D2A410223C}.Release|x86.ActiveCfg = Release|Win32
		{CAACBF8E-CCBB-4728-9F3E-22D2A410223C}.Release|x86.Build.0 = Release|Win32
	EndGlobalSection
	GlobalSection(SolutionProperties) = preSolution
		HideSolutionNode = FALSE
	EndGlobalSection
	GlobalSection(ExtensibilityGlobals) = postSolution
		SolutionGuid = {13D367FD-D91D-4AE7-A934-1FC9233BE8ED}
	EndGlobalSection
EndGlobal
